# This file is automatically @generated by Cargo.
# It is not intended for manual editing.
version = 3

[[package]]
name = "arrayvec"
version = "0.5.2"
source = "registry+https://github.com/rust-lang/crates.io-index"
checksum = "23b62fc65de8e4e7f52534fb52b0f3ed04746ae267519eef2a83941e8085068b"

[[package]]
name = "bumpalo"
version = "3.20.3"
source = "registry+https://github.com/rust-lang/crates.io-index"
checksum = "72f5acc6cb2ba439de613abc23857ec3d78374d8ed5ac84e9d11336e87da8649"

[[package]]
name = "byteorder"
version = "1.5.0"
source = "registry+https://github.com/rust-lang/crates.io-index"
checksum = "1fd0f2584146f6f2ef48085050886acf353beff7305ebd1ae69500e27c67f64b"

[[package]]
name = "cc"
version = "1.2.65"
source = "registry+https://github.com/rust-lang/crates.io-index"
checksum = "e228eec9be7c17ccb640b59b36a5cd805ea2a564a4c5e162c2f659fea30d3b96"
dependencies = [
 "find-msvc-tools",
 "shlex",
]

[[package]]
name = "cfg-if"
version = "1.0.4"
source = "registry+https://github.com/rust-lang/crates.io-index"
checksum = "9330f8b2ff13f34540b44e946ef35111825727b38d33286ef986142615121801"

[[package]]
name = "cxx"
version = "1.0.71"
source = "registry+https://github.com/rust-lang/crates.io-index"
checksum = "5469a6f42296f4fd40789b397383718f9a0bd75d2f9b7cedbb249996811fba27"
dependencies = [
 "cc",
 "cxxbridge-flags",
 "cxxbridge-macro",
 "link-cplusplus",
]

[[package]]
name = "cxxbridge-flags"
version = "1.0.71"
source = "registry+https://github.com/rust-lang/crates.io-index"
checksum = "0fef2b4ffdc935c973bc7817d541fc936fdc8a85194cfdd9c761aca8387edd48"

[[package]]
name = "cxxbridge-macro"
version = "1.0.71"
source = "registry+https://github.com/rust-lang/crates.io-index"
checksum = "9d3a240a54f5526967ffae81fdcda1fc80564964220d90816960b2eae2eab7f4"
dependencies = [
 "proc-macro2",
 "quote",
 "syn 1.0.109",
]

[[package]]
name = "ddnet-base"
version = "0.0.1"
dependencies = [
 "cxx",
 "ddnet-test",
 "libc",
]

[[package]]
name = "ddnet-engine"
version = "0.0.1"
dependencies = [
 "cxx",
 "ddnet-base",
 "ddnet-engine-shared",
 "ddnet-test",
]

[[package]]
name = "ddnet-engine-shared"
version = "0.0.1"
dependencies = [
 "cxx",
 "ddnet-base",
 "ddnet-engine",
 "ddnet-test",
 "libtw2-common",
 "libtw2-packer",
 "libtw2-snapshot",
 "libtw2-warn",
 "uuid",
]

[[package]]
name = "ddnet-test"
version = "0.0.1"
dependencies = [
 "link-cplusplus",
]

[[package]]
name = "find-msvc-tools"
version = "0.1.9"
source = "registry+https://github.com/rust-lang/crates.io-index"
checksum = "5baebc0774151f905a1a2cc41989300b1e6fbb29aff0ceffa1064fdd3088d582"

[[package]]
name = "futures-core"
version = "0.3.32"
source = "registry+https://github.com/rust-lang/crates.io-index"
checksum = "7e3450815272ef58cec6d564423f6e755e25379b217b0bc688e295ba24df6b1d"

[[package]]
name = "futures-task"
version = "0.3.32"
source = "registry+https://github.com/rust-lang/crates.io-index"
checksum = "037711b3d59c33004d3856fbdc83b99d4ff37a24768fa1be9ce3538a1cde4393"

[[package]]
name = "futures-util"
version = "0.3.32"
source = "registry+https://github.com/rust-lang/crates.io-index"
checksum = "389ca41296e6190b48053de0321d02a77f32f8a5d2461dd38762c0593805c6d6"
dependencies = [
 "futures-core",
 "futures-task",
 "pin-project-lite",
 "slab",
]

[[package]]
name = "js-sys"
version = "0.3.103"
source = "registry+https://github.com/rust-lang/crates.io-index"
checksum = "53b44bfcdb3f8d5837a46dae1ca9660a837176eee74a28b229bc626816589102"
dependencies = [
 "cfg-if",
 "futures-util",
 "wasm-bindgen",
]

[[package]]
name = "libc"
version = "0.2.186"
source = "registry+https://github.com/rust-lang/crates.io-index"
checksum = "68ab91017fe16c622486840e4c83c9a37afeff978bd239b5293d61ece587de66"

[[package]]
name = "libtw2-buffer"
version = "0.0.1"
source = "git+https://github.com/heinrich5991/libtw2#9ef70df5b845faf6872e2d71971b7b96ed0a5c1b"
dependencies = [
 "arrayvec",
 "mac",
]

[[package]]
name = "libtw2-common"
version = "0.0.1"
source = "git+https://github.com/heinrich5991/libtw2#9ef70df5b845faf6872e2d71971b7b96ed0a5c1b"
dependencies = [
 "arrayvec",
 "zerocopy",
]

[[package]]
name = "libtw2-gamenet-common"
version = "0.0.1"
source = "git+https://github.com/heinrich5991/libtw2#9ef70df5b845faf6872e2d71971b7b96ed0a5c1b"
dependencies = [
 "arrayvec",
 "libtw2-buffer",
 "libtw2-common",
 "libtw2-packer",
 "libtw2-warn",
 "serde",
 "serde_derive",
 "uuid",
 "zerocopy",
]

[[package]]
name = "libtw2-gamenet-snap"
version = "0.0.1"
source = "git+https://github.com/heinrich5991/libtw2#9ef70df5b845faf6872e2d71971b7b96ed0a5c1b"
dependencies = [
 "libtw2-buffer",
 "libtw2-common",
 "libtw2-gamenet-common",
 "libtw2-packer",
 "libtw2-warn",
]

[[package]]
name = "libtw2-packer"
version = "0.0.1"
source = "git+https://github.com/heinrich5991/libtw2#9ef70df5b845faf6872e2d71971b7b96ed0a5c1b"
dependencies = [
 "arrayvec",
 "libtw2-buffer",
 "libtw2-common",
 "libtw2-warn",
 "uuid",
]

[[package]]
name = "libtw2-snapshot"
version = "0.0.1"
source = "git+https://github.com/heinrich5991/libtw2#9ef70df5b845faf6872e2d71971b7b96ed0a5c1b"
dependencies = [
 "libtw2-buffer",
 "libtw2-common",
 "libtw2-gamenet-common",
 "libtw2-gamenet-snap",
 "libtw2-packer",
 "libtw2-warn",
 "uuid",
 "vec_map",
]

[[package]]
name = "libtw2-warn"
version = "0.0.1"
source = "git+https://github.com/heinrich5991/libtw2#9ef70df5b845faf6872e2d71971b7b96ed0a5c1b"
dependencies = [
 "log 0.3.9",
]

[[package]]
name = "link-cplusplus"
version = "1.0.12"
source = "registry+https://github.com/rust-lang/crates.io-index"
checksum = "7f78c730aaa7d0b9336a299029ea49f9ee53b0ed06e9202e8cb7db9bae7b8c82"
dependencies = [
 "cc",
]

[[package]]
name = "log"
version = "0.3.9"
source = "registry+https://github.com/rust-lang/crates.io-index"
checksum = "e19e8d5c34a3e0e2223db8e060f9e8264aeeb5c5fc64a4ee9965c062211c024b"
dependencies = [
 "log 0.4.33",
]

[[package]]
name = "log"
version = "0.4.33"
source = "registry+https://github.com/rust-lang/crates.io-index"
checksum = "0ceec5bc11778974d1bcb055b18002eba7f4b3518b6a0081b3af5f21666da9ad"

[[package]]
name = "mac"
version = "0.0.2"
source = "registry+https://github.com/rust-lang/crates.io-index"
checksum = "1b1db08c0d0ddbb591e65f1da58d1cefccc94a2faa0c55bf979ce215a3e04d5e"

[[package]]
name = "once_cell"
version = "1.21.4"
source = "registry+https://github.com/rust-lang/crates.io-index"
checksum = "9f7c3e4beb33f85d45ae3e3a1792185706c8e16d043238c593331cc7cd313b50"

[[package]]
name = "pin-project-lite"
version = "0.2.17"
source = "registry+https://github.com/rust-lang/crates.io-index"
checksum = "a89322df9ebe1c1578d689c92318e070967d1042b512afbe49518723f4e6d5cd"

[[package]]
name = "proc-macro2"
version = "1.0.106"
source = "registry+https://github.com/rust-lang/crates.io-index"
checksum = "8fd00f0bb2e90d81d1044c2b32617f68fcb9fa3bb7640c23e9c748e53fb30934"
dependencies = [
 "unicode-ident",
]

[[package]]
name = "quote"
version = "1.0.46"
source = "registry+https://github.com/rust-lang/crates.io-index"
checksum = "dfbc457d0c7a0759a614551b11a6409e5951f6c7537be1f1b7682b9ae9230368"
dependencies = [
 "proc-macro2",
]

[[package]]
name = "rustversion"
version = "1.0.22"
source = "registry+https://github.com/rust-lang/crates.io-index"
checksum = "b39cdef0fa800fc44525c84ccb54a029961a8215f9619753635a9c0d2538d46d"

[[package]]
name = "serde"
version = "1.0.228"
source = "registry+https://github.com/rust-lang/crates.io-index"
checksum = "9a8e94ea7f378bd32cbbd37198a4a91436180c5bb472411e48b5ec2e2124ae9e"
dependencies = [
 "serde_core",
]

[[package]]
name = "serde_core"
version = "1.0.228"
source = "registry+https://github.com/rust-lang/crates.io-index"
checksum = "41d385c7d4ca58e59fc732af25c3983b67ac852c1a25000afe1175de458b67ad"
dependencies = [
 "serde_derive",
]

[[package]]
name = "serde_derive"
version = "1.0.228"
source = "registry+https://github.com/rust-lang/crates.io-index"
checksum = "d540f220d3187173da220f885ab66608367b6574e925011a9353e4badda91d79"
dependencies = [
 "proc-macro2",
 "quote",
 "syn 2.0.118",
]

[[package]]
name = "shlex"
version = "2.0.1"
source = "registry+https://github.com/rust-lang/crates.io-index"
checksum = "f8fadd59c855ef2080decdef8ff161eb6661b86933c9d82e5ba29dc602a55aba"

[[package]]
name = "slab"
version = "0.4.12"
source = "registry+https://github.com/rust-lang/crates.io-index"
checksum = "0c790de23124f9ab44544d7ac05d60440adc586479ce501c1d6d7da3cd8c9cf5"

[[package]]
name = "syn"
version = "1.0.109"
source = "registry+https://github.com/rust-lang/crates.io-index"
checksum = "72b64191b275b66ffe2469e8af2c1cfe3bafa67b529ead792a6d0160888b4237"
dependencies = [
 "proc-macro2",
 "quote",
 "unicode-ident",
]

[[package]]
name = "syn"
version = "2.0.118"
source = "registry+https://github.com/rust-lang/crates.io-index"
checksum = "1b9ae57f904213ebb649ce6895b8a66c66f0203b9319718f69a5612a065b1422"
dependencies = [
 "proc-macro2",
 "quote",
 "unicode-ident",
]

[[package]]
name = "unicode-ident"
version = "1.0.24"
source = "registry+https://github.com/rust-lang/crates.io-index"
checksum = "e6e4313cd5fcd3dad5cafa179702e2b244f760991f45397d14d4ebf38247da75"

[[package]]
name = "uuid"
version = "1.23.4"
source = "registry+https://github.com/rust-lang/crates.io-index"
checksum = "bf80a72845275afea99e7f2b434723d3bc7e38470fcd1c7ed39a599c73319a53"
dependencies = [
 "js-sys",
 "serde_core",
 "wasm-bindgen",
]

[[package]]
name = "vec_map"
version = "0.8.2"
source = "registry+https://github.com/rust-lang/crates.io-index"
checksum = "f1bddf1187be692e79c5ffeab891132dfb0f236ed36a43c7ed39f1165ee20191"

[[package]]
name = "wasm-bindgen"
version = "0.2.126"
source = "registry+https://github.com/rust-lang/crates.io-index"
checksum = "4b067c0c11094aef6b7a801c1e34a26affafdf3d051dba08456b868789aaf9a4"
dependencies = [
 "cfg-if",
 "once_cell",
 "rustversion",
 "wasm-bindgen-macro",
 "wasm-bindgen-shared",
]

[[package]]
name = "wasm-bindgen-macro"
version = "0.2.126"
source = "registry+https://github.com/rust-lang/crates.io-index"
checksum = "167ce5e579f6bcf889c4f7175a8a5a585de84e8ff93976ce393efa5f2837aab1"
dependencies = [
 "quote",
 "wasm-bindgen-macro-support",
]

[[package]]
name = "wasm-bindgen-macro-support"
version = "0.2.126"
source = "registry+https://github.com/rust-lang/crates.io-index"
checksum = "f3997c7839262f4ef12cf90b818d6340c18e80f263f1a94bf157d0ec4420380e"
dependencies = [
 "bumpalo",
 "proc-macro2",
 "quote",
 "syn 2.0.118",
 "wasm-bindgen-shared",
]

[[package]]
name = "wasm-bindgen-shared"
version = "0.2.126"
source = "registry+https://github.com/rust-lang/crates.io-index"
checksum = "dc1b4cb0cc549fcf58d7dfc081778139b3d283a081644e833e84682ad71cea24"
dependencies = [
 "unicode-ident",
]

[[package]]
name = "zerocopy"
version = "0.7.35"
source = "registry+https://github.com/rust-lang/crates.io-index"
checksum = "1b9b4fd18abc82b8136838da5d50bae7bdea537c574d8dc1a34ed098d6c166f0"
dependencies = [
 "byteorder",
 "zerocopy-derive",
]

[[package]]
name = "zerocopy-derive"
version = "0.7.35"
source = "registry+https://github.com/rust-lang/crates.io-index"
checksum = "fa4f8080344d4671fb4e831a13ad1e68092748387dfc4f55e356242fae12ce3e"
dependencies = [
 "proc-macro2",
 "quote",
 "syn 2.0.118",
]
